
Microsoft Visual Studio Solution File, Format Version 12.00
# Visual Studio Version 17
VisualStudioVersion = 17.4.33122.133
MinimumVisualStudioVersion = 10.0.40219.1
Project("{FAE04EC0-301F-11D3-BF4B-00C04F79EFBC}") = "EF_lab", "EF_lab.csproj", "{BCA152D4-67AA-46F5-9337-2CB36126EBA7}"
EndProject
Global
	GlobalSection(SolutionConfigurationPlatforms) = preSolution
		Debug|Any CPU = Debug|Any CPU
		Release|Any CPU = Release|Any CPU
	EndGlobalSection
	GlobalSection(ProjectConfigurationPlatforms) = postSolution
		{BCA152D4-67AA-46F5-9337-2CB36126EBA7}.Debug|Any CPU.ActiveCfg = Debug|Any CPU
		{BCA152D4-67AA-46F5-9337-2CB36126EBA7}.Debug|Any CPU.Build.0 = Debug|Any CPU
		{BCA152D4-67AA-46F5-9337-2CB36126EBA7}.Release|Any CPU.ActiveCfg = Release|Any CPU
		{BCA152D4-67AA-46F5-9337-2CB36126EBA7}.Release|Any CPU.Build.0 = Release|Any CPU
	EndGlobalSection
	GlobalSection(SolutionProperties) = preSolution
		HideSolutionNode = FALSE
	EndGlobalSection
	GlobalSection(ExtensibilityGlobals) = postSolution
		SolutionGuid = {326CDC6A-4828-4B40-BD97-67EE04763ED7}
	EndGlobalSection
EndGlobal
