
Microsoft Visual Studio Solution File, Format Version 12.00
# Visual Studio Version 17
VisualStudioVersion = 17.4.33122.133
MinimumVisualStudioVersion = 10.0.40219.1
Project("{FAE04EC0-301F-11D3-BF4B-00C04F79EFBC}") = "EF_lab02", "EF_lab02\EF_lab02.csproj", "{DDC2606E-6937-4CD8-B509-2630A82EB200}"
EndProject
Global
	GlobalSection(SolutionConfigurationPlatforms) = preSolution
		Debug|Any CPU = Debug|Any CPU
		Release|Any CPU = Release|Any CPU
	EndGlobalSection
	GlobalSection(ProjectConfigurationPlatforms) = postSolution
		{DDC2606E-6937-4CD8-B509-2630A82EB200}.Debug|Any CPU.ActiveCfg = Debug|Any CPU
		{DDC2606E-6937-4CD8-B509-2630A82EB200}.Debug|Any CPU.Build.0 = Debug|Any CPU
		{DDC2606E-6937-4CD8-B509-2630A82EB200}.Release|Any CPU.ActiveCfg = Release|Any CPU
		{DDC2606E-6937-4CD8-B509-2630A82EB200}.Release|Any CPU.Build.0 = Release|Any CPU
	EndGlobalSection
	GlobalSection(SolutionProperties) = preSolution
		HideSolutionNode = FALSE
	EndGlobalSection
	GlobalSection(ExtensibilityGlobals) = postSolution
		SolutionGuid = {32C33B63-3218-4E2C-B806-232345A08F8A}
	EndGlobalSection
EndGlobal
